// !$*UTF8*$!
{
	archiveVersion = 1;
	classes = {
	};
	objectVersion = 51;
	objects = {

/* Begin PBXBuildFile section */
		2B58300E23F79A1400C375AD /* AppDelegate.swift in Sources */ = {isa = PBXBuildFile; fileRef = 2B58300D23F79A1400C375AD /* AppDelegate.swift */; };
		2B58301023F79A1400C375AD /* SceneDelegate.swift in Sources */ = {isa = PBXBuildFile; fileRef = 2B58300F23F79A1400C375AD /* SceneDelegate.swift */; };
		2B58301223F79A1400C375AD /* ViewController.swift in Sources */ = {isa = PBXBuildFile; fileRef = 2B58301123F79A1400C375AD /* ViewController.swift */; };
		2B58301523F79A1400C375AD /* Main.storyboard in Resources */ = {isa = PBXBuildFile; fileRef = 2B58301323F79A1400C375AD /* Main.storyboard */; };
		2B58301723F79A1900C375AD /* Assets.xcassets in Resources */ = {isa = PBXBuildFile; fileRef = 2B58301623F79A1900C375AD /* Assets.xcassets */; };
		2B58301A23F79A1900C375AD /* LaunchScreen.storyboard in Resources */ = {isa = PBXBuildFile; fileRef = 2B58301823F79A1900C375AD /* LaunchScreen.storyboard */; };
		2BD23CDD23F7AC4B000C4EFA /* RecordViewController.swift in Sources */ = {isa = PBXBuildFile; fileRef = 2BD23CDC23F7AC4B000C4EFA /* RecordViewController.swift */; };
		2BE2079C23F7D2E80094EDD6 /* DataBaseTableViewCell.swift in Sources */ = {isa = PBXBuildFile; fileRef = 2BE2079B23F7D2E80094EDD6 /* DataBaseTableViewCell.swift */; };
		2BE2079E23F7EC980094EDD6 /* DataBaseTableViewController.swift in Sources */ = {isa = PBXBuildFile; fileRef = 2BE2079D23F7EC970094EDD6 /* DataBaseTableViewController.swift */; };
		5E0F5E15A304511773714BBC /* Pods_ChatterBox.framework in Frameworks */ = {isa = PBXBuildFile; fileRef = 6B46AEBAA583B0209E5E4AEE /* Pods_ChatterBox.framework */; };
/* End PBXBuildFile section */

/* Begin PBXFileReference section */
		2B58300A23F79A1400C375AD /* ChatterBox.app */ = {isa = PBXFileReference; explicitFileType = wrapper.application; includeInIndex = 0; path = ChatterBox.app; sourceTree = BUILT_PRODUCTS_DIR; };
		2B58300D23F79A1400C375AD /* AppDelegate.swift */ = {isa = PBXFileReference; lastKnownFileType = sourcecode.swift; path = AppDelegate.swift; sourceTree = "<group>"; };
		2B58300F23F79A1400C375AD /* SceneDelegate.swift */ = {isa = PBXFileReference; lastKnownFileType = sourcecode.swift; path = SceneDelegate.swift; sourceTree = "<group>"; };
		2B58301123F79A1400C375AD /* ViewController.swift */ = {isa = PBXFileReference; lastKnownFileType = sourcecode.swift; path = ViewController.swift; sourceTree = "<group>"; };
		2B58301423F79A1400C375AD /* Base */ = {isa = PBXFileReference; lastKnownFileType = file.storyboard; name = Base; path = Base.lproj/Main.storyboard; sourceTree = "<group>"; };
		2B58301623F79A1900C375AD /* Assets.xcassets */ = {isa = PBXFileReference; lastKnownFileType = folder.assetcatalog; path = Assets.xcassets; sourceTree = "<group>"; };
		2B58301923F79A1900C375AD /* Base */ = {isa = PBXFileReference; lastKnownFileType = file.storyboard; name = Base; path = Base.lproj/LaunchScreen.storyboard; sourceTree = "<group>"; };
		2B58301B23F79A1900C375AD /* Info.plist */ = {isa = PBXFileReference; lastKnownFileType = text.plist.xml; path = Info.plist; sourceTree = "<group>"; };
		2BD23CDC23F7AC4B000C4EFA /* RecordViewController.swift */ = {isa = PBXFileReference; lastKnownFileType = sourcecode.swift; path = RecordViewController.swift; sourceTree = "<group>"; };
		2BE2079B23F7D2E80094EDD6 /* DataBaseTableViewCell.swift */ = {isa = PBXFileReference; lastKnownFileType = sourcecode.swift; path = DataBaseTableViewCell.swift; sourceTree = "<group>"; };
		2BE2079D23F7EC970094EDD6 /* DataBaseTableViewController.swift */ = {isa = PBXFileReference; fileEncoding = 4; lastKnownFileType = sourcecode.swift; name = DataBaseTableViewController.swift; path = ../../../../../.Trash/DataBaseTableViewController.swift; sourceTree = "<group>"; };
		6B46AEBAA583B0209E5E4AEE /* Pods_ChatterBox.framework */ = {isa = PBXFileReference; explicitFileType = wrapper.framework; includeInIndex = 0; path = Pods_ChatterBox.framework; sourceTree = BUILT_PRODUCTS_DIR; };
		7209D5B0051A72C3989CD1EF /* Pods-ChatterBox.debug.xcconfig */ = {isa = PBXFileReference; includeInIndex = 1; lastKnownFileType = text.xcconfig; name = "Pods-ChatterBox.debug.xcconfig"; path = "Target Support Files/Pods-ChatterBox/Pods-ChatterBox.debug.xcconfig"; sourceTree = "<group>"; };
		D4E7C74EDD45630C7E01DB9E /* Pods-ChatterBox.release.xcconfig */ = {isa = PBXFileReference; includeInIndex = 1; lastKnownFileType = text.xcconfig; name = "Pods-ChatterBox.release.xcconfig"; path = "Target Support Files/Pods-ChatterBox/Pods-ChatterBox.release.xcconfig"; sourceTree = "<group>"; };
/* End PBXFileReference section */

/* Begin PBXFrameworksBuildPhase section */
		2B58300723F79A1400C375AD /* Frameworks */ = {
			isa = PBXFrameworksBuildPhase;
			buildActionMask = 2147483647;
			files = (
				5E0F5E15A304511773714BBC /* Pods_ChatterBox.framework in Frameworks */,
			);
			runOnlyForDeploymentPostprocessing = 0;
		};
/* End PBXFrameworksBuildPhase section */

/* Begin PBXGroup section */
		2B58300123F79A1400C375AD = {
			isa = PBXGroup;
			children = (
				2B58300C23F79A1400C375AD /* ChatterBox */,
				2B58300B23F79A1400C375AD /* Products */,
				2BC40F75F037BA5943739A1C /* Pods */,
				54C9A808F240996C9DF98EAC /* Frameworks */,
			);
			sourceTree = "<group>";
		};
		2B58300B23F79A1400C375AD /* Products */ = {
			isa = PBXGroup;
			children = (
				2B58300A23F79A1400C375AD /* ChatterBox.app */,
			);
			name = Products;
			sourceTree = "<group>";
		};
		2B58300C23F79A1400C375AD /* ChatterBox */ = {
			isa = PBXGroup;
			children = (
				2B58300D23F79A1400C375AD /* AppDelegate.swift */,
				2B58300F23F79A1400C375AD /* SceneDelegate.swift */,
				2B58301123F79A1400C375AD /* ViewController.swift */,
				2BD23CDC23F7AC4B000C4EFA /* RecordViewController.swift */,
				2BE2079D23F7EC970094EDD6 /* DataBaseTableViewController.swift */,
				2BE2079B23F7D2E80094EDD6 /* DataBaseTableViewCell.swift */,
				2B58301323F79A1400C375AD /* Main.storyboard */,
				2B58301823F79A1900C375AD /* LaunchScreen.storyboard */,
				2B58301623F79A1900C375AD /* Assets.xcassets */,
				2B58301B23F79A1900C375AD /* Info.plist */,
			);
			path = ChatterBox;
			sourceTree = "<group>";
		};
		2BC40F75F037BA5943739A1C /* Pods */ = {
			isa = PBXGroup;
			children = (
				7209D5B0051A72C3989CD1EF /* Pods-ChatterBox.debug.xcconfig */,
				D4E7C74EDD45630C7E01DB9E /* Pods-ChatterBox.release.xcconfig */,
			);
			path = Pods;
			sourceTree = "<group>";
		};
		54C9A808F240996C9DF98EAC /* Frameworks */ = {
			isa = PBXGroup;
			children = (
				6B46AEBAA583B0209E5E4AEE /* Pods_ChatterBox.framework */,
			);
			name = Frameworks;
			sourceTree = "<group>";
		};
/* End PBXGroup section */

/* Begin PBXNativeTarget section */
		2B58300923F79A1400C375AD /* ChatterBox */ = {
			isa = PBXNativeTarget;
			buildConfigurationList = 2B58301E23F79A1900C375AD /* Build configuration list for PBXNativeTarget "ChatterBox" */;
			buildPhases = (
				028428501780180917045EFF /* [CP] Check Pods Manifest.lock */,
				2B58300623F79A1400C375AD /* Sources */,
				2B58300723F79A1400C375AD /* Frameworks */,
				2B58300823F79A1400C375AD /* Resources */,
				CA2C9146674540D501DF4BEB /* [CP] Embed Pods Frameworks */,
			);
			buildRules = (
			);
			dependencies = (
			);
			name = ChatterBox;
			productName = ChatterBox;
			productReference = 2B58300A23F79A1400C375AD /* ChatterBox.app */;
			productType = "com.apple.product-type.application";
		};
/* End PBXNativeTarget section */

/* Begin PBXProject section */
		2B58300223F79A1400C375AD /* Project object */ = {
			isa = PBXProject;
			attributes = {
				LastSwiftUpdateCheck = 1130;
				LastUpgradeCheck = 1130;
				ORGANIZATIONNAME = Edward;
				TargetAttributes = {
					2B58300923F79A1400C375AD = {
						CreatedOnToolsVersion = 11.3.1;
					};
				};
			};
			buildConfigurationList = 2B58300523F79A1400C375AD /* Build configuration list for PBXProject "ChatterBox" */;
			compatibilityVersion = "Xcode 9.3";
			developmentRegion = en;
			hasScannedForEncodings = 0;
			knownRegions = (
				en,
				Base,
			);
			mainGroup = 2B58300123F79A1400C375AD;
			productRefGroup = 2B58300B23F79A1400C375AD /* Products */;
			projectDirPath = "";
			projectRoot = "";
			targets = (
				2B58300923F79A1400C375AD /* ChatterBox */,
			);
		};
/* End PBXProject section */

/* Begin PBXResourcesBuildPhase section */
		2B58300823F79A1400C375AD /* Resources */ = {
			isa = PBXResourcesBuildPhase;
			buildActionMask = 2147483647;
			files = (
				2B58301A23F79A1900C375AD /* LaunchScreen.storyboard in Resources */,
				2B58301723F79A1900C375AD /* Assets.xcassets in Resources */,
				2B58301523F79A1400C375AD /* Main.storyboard in Resources */,
			);
			runOnlyForDeploymentPostprocessing = 0;
		};
/* End PBXResourcesBuildPhase section */

/* Begin PBXShellScriptBuildPhase section */
		028428501780180917045EFF /* [CP] Check Pods Manifest.lock */ = {
			isa = PBXShellScriptBuildPhase;
			buildActionMask = 2147483647;
			files = (
			);
			inputFileListPaths = (
			);
			inputPaths = (
				"${PODS_PODFILE_DIR_PATH}/Podfile.lock",
				"${PODS_ROOT}/Manifest.lock",
			);
			name = "[CP] Check Pods Manifest.lock";
			outputFileListPaths = (
			);
			outputPaths = (
				"$(DERIVED_FILE_DIR)/Pods-ChatterBox-checkManifestLockResult.txt",
			);
			runOnlyForDeploymentPostprocessing = 0;
			shellPath = /bin/sh;
			shellScript = "diff \"${PODS_PODFILE_DIR_PATH}/Podfile.lock\" \"${PODS_ROOT}/Manifest.lock\" > /dev/null\nif [ $? != 0 ] ; then\n    # print error to STDERR\n    echo \"error: The sandbox is not in sync with the Podfile.lock. Run 'pod install' or update your CocoaPods installation.\" >&2\n    exit 1\nfi\n# This output is used by Xcode 'outputs' to avoid re-running this script phase.\necho \"SUCCESS\" > \"${SCRIPT_OUTPUT_FILE_0}\"\n";
			showEnvVarsInLog = 0;
		};
		CA2C9146674540D501DF4BEB /* [CP] Embed Pods Frameworks */ = {
			isa = PBXShellScriptBuildPhase;
			buildActionMask = 2147483647;
			files = (
			);
			inputFileListPaths = (
				"${PODS_ROOT}/Target Support Files/Pods-ChatterBox/Pods-ChatterBox-frameworks-${CONFIGURATION}-input-files.xcfilelist",
			);
			name = "[CP] Embed Pods Frameworks";
			outputFileListPaths = (
				"${PODS_ROOT}/Target Support Files/Pods-ChatterBox/Pods-ChatterBox-frameworks-${CONFIGURATION}-output-files.xcfilelist",
			);
			runOnlyForDeploymentPostprocessing = 0;
			shellPath = /bin/sh;
			shellScript = "\"${PODS_ROOT}/Target Support Files/Pods-ChatterBox/Pods-ChatterBox-frameworks.sh\"\n";
			showEnvVarsInLog = 0;
		};
/* End PBXShellScriptBuildPhase section */

/* Begin PBXSourcesBuildPhase section */
		2B58300623F79A1400C375AD /* Sources */ = {
			isa = PBXSourcesBuildPhase;
			buildActionMask = 2147483647;
			files = (
				2BE2079E23F7EC980094EDD6 /* DataBaseTableViewController.swift in Sources */,
				2B58301223F79A1400C375AD /* ViewController.swift in Sources */,
				2BE2079C23F7D2E80094EDD6 /* DataBaseTableViewCell.swift in Sources */,
				2B58300E23F79A1400C375AD /* AppDelegate.swift in Sources */,
				2BD23CDD23F7AC4B000C4EFA /* RecordViewController.swift in Sources */,
				2B58301023F79A1400C375AD /* SceneDelegate.swift in Sources */,
			);
			runOnlyForDeploymentPostprocessing = 0;
		};
/* End PBXSourcesBuildPhase section */

/* Begin PBXVariantGroup section */
		2B58301323F79A1400C375AD /* Main.storyboard */ = {
			isa = PBXVariantGroup;
			children = (
				2B58301423F79A1400C375AD /* Base */,
			);
			name = Main.storyboard;
			sourceTree = "<group>";
		};
		2B58301823F79A1900C375AD /* LaunchScreen.storyboard */ = {
			isa = PBXVariantGroup;
			children = (
				2B58301923F79A1900C375AD /* Base */,
			);
			name = LaunchScreen.storyboard;
			sourceTree = "<group>";
		};
/* End PBXVariantGroup section */

/* Begin XCBuildConfiguration section */
		2B58301C23F79A1900C375AD /* Debug */ = {
			isa = XCBuildConfiguration;
			buildSettings = {
				ALWAYS_SEARCH_USER_PATHS = NO;
				CLANG_ANALYZER_NONNULL = YES;
				CLANG_ANALYZER_NUMBER_OBJECT_CONVERSION = YES_AGGRESSIVE;
				CLANG_CXX_LANGUAGE_STANDARD = "gnu++14";
				CLANG_CXX_LIBRARY = "libc++";
				CLANG_ENABLE_MODULES = YES;
				CLANG_ENABLE_OBJC_ARC = YES;
				CLANG_ENABLE_OBJC_WEAK = YES;
				CLANG_WARN_BLOCK_CAPTURE_AUTORELEASING = YES;
				CLANG_WARN_BOOL_CONVERSION = YES;
				CLANG_WARN_COMMA = YES;
				CLANG_WARN_CONSTANT_CONVERSION = YES;
				CLANG_WARN_DEPRECATED_OBJC_IMPLEMENTATIONS = YES;
				CLANG_WARN_DIRECT_OBJC_ISA_USAGE = YES_ERROR;
				CLANG_WARN_DOCUMENTATION_COMMENTS = YES;
				CLANG_WARN_EMPTY_BODY = YES;
				CLANG_WARN_ENUM_CONVERSION = YES;
				CLANG_WARN_INFINITE_RECURSION = YES;
				CLANG_WARN_INT_CONVERSION = YES;
				CLANG_WARN_NON_LITERAL_NULL_CONVERSION = YES;
				CLANG_WARN_OBJC_IMPLICIT_RETAIN_SELF = YES;
				CLANG_WARN_OBJC_LITERAL_CONVERSION = YES;
				CLANG_WARN_OBJC_ROOT_CLASS = YES_ERROR;
				CLANG_WARN_RANGE_LOOP_ANALYSIS = YES;
				CLANG_WARN_STRICT_PROTOTYPES = YES;
				CLANG_WARN_SUSPICIOUS_MOVE = YES;
				CLANG_WARN_UNGUARDED_AVAILABILITY = YES_AGGRESSIVE;
				CLANG_WARN_UNREACHABLE_CODE = YES;
				CLANG_WARN__DUPLICATE_METHOD_MATCH = YES;
				COPY_PHASE_STRIP = NO;
				DEBUG_INFORMATION_FORMAT = dwarf;
				ENABLE_STRICT_OBJC_MSGSEND = YES;
				ENABLE_TESTABILITY = YES;
				GCC_C_LANGUAGE_STANDARD = gnu11;
				GCC_DYNAMIC_NO_PIC = NO;
				GCC_NO_COMMON_BLOCKS = YES;
				GCC_OPTIMIZATION_LEVEL = 0;
				GCC_PREPROCESSOR_DEFINITIONS = (
					"DEBUG=1",
					"$(inherited)",
				);
				GCC_WARN_64_TO_32_BIT_CONVERSION = YES;
				GCC_WARN_ABOUT_RETURN_TYPE = YES_ERROR;
				GCC_WARN_UNDECLARED_SELECTOR = YES;
				GCC_WARN_UNINITIALIZED_AUTOS = YES_AGGRESSIVE;
				GCC_WARN_UNUSED_FUNCTION = YES;
				GCC_WARN_UNUSED_VARIABLE = YES;
				IPHONEOS_DEPLOYMENT_TARGET = 13.2;
				MTL_ENABLE_DEBUG_INFO = INCLUDE_SOURCE;
				MTL_FAST_MATH = YES;
				ONLY_ACTIVE_ARCH = YES;
				SDKROOT = iphoneos;
				SWIFT_ACTIVE_COMPILATION_CONDITIONS = DEBUG;
				SWIFT_OPTIMIZATION_LEVEL = "-Onone";
			};
			name = Debug;
		};
		2B58301D23F79A1900C375AD /* Release */ = {
			isa = XCBuildConfiguration;
			buildSettings = {
				ALWAYS_SEARCH_USER_PATHS = NO;
				CLANG_ANALYZER_NONNULL = YES;
				CLANG_ANALYZER_NUMBER_OBJECT_CONVERSION = YES_AGGRESSIVE;
				CLANG_CXX_LANGUAGE_STANDARD = "gnu++14";
				CLANG_CXX_LIBRARY = "libc++";
				CLANG_ENABLE_MODULES = YES;
				CLANG_ENABLE_OBJC_ARC = YES;
				CLANG_ENABLE_OBJC_WEAK = YES;
				CLANG_WARN_BLOCK_CAPTURE_AUTORELEASING = YES;
				CLANG_WARN_BOOL_CONVERSION = YES;
				CLANG_WARN_COMMA = YES;
				CLANG_WARN_CONSTANT_CONVERSION = YES;
				CLANG_WARN_DEPRECATED_OBJC_IMPLEMENTATIONS = YES;
				CLANG_WARN_DIRECT_OBJC_ISA_USAGE = YES_ERROR;
				CLANG_WARN_DOCUMENTATION_COMMENTS = YES;
				CLANG_WARN_EMPTY_BODY = YES;
				CLANG_WARN_ENUM_CONVERSION = YES;
				CLANG_WARN_INFINITE_RECURSION = YES;
				CLANG_WARN_INT_CONVERSION = YES;
				CLANG_WARN_NON_LITERAL_NULL_CONVERSION = YES;
				CLANG_WARN_OBJC_IMPLICIT_RETAIN_SELF = YES;
				CLANG_WARN_OBJC_LITERAL_CONVERSION = YES;
				CLANG_WARN_OBJC_ROOT_CLASS = YES_ERROR;
				CLANG_WARN_RANGE_LOOP_ANALYSIS = YES;
				CLANG_WARN_STRICT_PROTOTYPES = YES;
				CLANG_WARN_SUSPICIOUS_MOVE = YES;
				CLANG_WARN_UNGUARDED_AVAILABILITY = YES_AGGRESSIVE;
				CLANG_WARN_UNREACHABLE_CODE = YES;
				CLANG_WARN__DUPLICATE_METHOD_MATCH = YES;
				COPY_PHASE_STRIP = NO;
				DEBUG_INFORMATION_FORMAT = "dwarf-with-dsym";
				ENABLE_NS_ASSERTIONS = NO;
				ENABLE_STRICT_OBJC_MSGSEND = YES;
				GCC_C_LANGUAGE_STANDARD = gnu11;
				GCC_NO_COMMON_BLOCKS = YES;
				GCC_WARN_64_TO_32_BIT_CONVERSION = YES;
				GCC_WARN_ABOUT_RETURN_TYPE = YES_ERROR;
				GCC_WARN_UNDECLARED_SELECTOR = YES;
				GCC_WARN_UNINITIALIZED_AUTOS = YES_AGGRESSIVE;
				GCC_WARN_UNUSED_FUNCTION = YES;
				GCC_WARN_UNUSED_VARIABLE = YES;
				IPHONEOS_DEPLOYMENT_TARGET = 13.2;
				MTL_ENABLE_DEBUG_INFO = NO;
				MTL_FAST_MATH = YES;
				SDKROOT = iphoneos;
				SWIFT_COMPILATION_MODE = wholemodule;
				SWIFT_OPTIMIZATION_LEVEL = "-O";
				VALIDATE_PRODUCT = YES;
			};
			name = Release;
		};
		2B58301F23F79A1900C375AD /* Debug */ = {
			isa = XCBuildConfiguration;
			baseConfigurationReference = 7209D5B0051A72C3989CD1EF /* Pods-ChatterBox.debug.xcconfig */;
			buildSettings = {
				ASSETCATALOG_COMPILER_APPICON_NAME = AppIcon;
				CODE_SIGN_STYLE = Automatic;
				DEVELOPMENT_TEAM = GMKG2KPAM7;
				INFOPLIST_FILE = ChatterBox/Info.plist;
				LD_RUNPATH_SEARCH_PATHS = (
					"$(inherited)",
					"@executable_path/Frameworks",
				);
				PRODUCT_BUNDLE_IDENTIFIER = com.EdwardLu.ChatterBox;
				PRODUCT_NAME = "$(TARGET_NAME)";
				SWIFT_VERSION = 5.0;
				TARGETED_DEVICE_FAMILY = "1,2";
			};
			name = Debug;
		};
		2B58302023F79A1900C375AD /* Release */ = {
			isa = XCBuildConfiguration;
			baseConfigurationReference = D4E7C74EDD45630C7E01DB9E /* Pods-ChatterBox.release.xcconfig */;
			buildSettings = {
				ASSETCATALOG_COMPILER_APPICON_NAME = AppIcon;
				CODE_SIGN_STYLE = Automatic;
				DEVELOPMENT_TEAM = GMKG2KPAM7;
				INFOPLIST_FILE = ChatterBox/Info.plist;
				LD_RUNPATH_SEARCH_PATHS = (
					"$(inherited)",
					"@executable_path/Frameworks",
				);
				PRODUCT_BUNDLE_IDENTIFIER = com.EdwardLu.ChatterBox;
				PRODUCT_NAME = "$(TARGET_NAME)";
				SWIFT_VERSION = 5.0;
				TARGETED_DEVICE_FAMILY = "1,2";
			};
			name = Release;
		};
/* End XCBuildConfiguration section */

/* Begin XCConfigurationList section */
		2B58300523F79A1400C375AD /* Build configuration list for PBXProject "ChatterBox" */ = {
			isa = XCConfigurationList;
			buildConfigurations = (
				2B58301C23F79A1900C375AD /* Debug */,
				2B58301D23F79A1900C375AD /* Release */,
			);
			defaultConfigurationIsVisible = 0;
			defaultConfigurationName = Release;
		};
		2B58301E23F79A1900C375AD /* Build configuration list for PBXNativeTarget "ChatterBox" */ = {
			isa = XCConfigurationList;
			buildConfigurations = (
				2B58301F23F79A1900C375AD /* Debug */,
				2B58302023F79A1900C375AD /* Release */,
			);
			defaultConfigurationIsVisible = 0;
			defaultConfigurationName = Release;
		};
/* End XCConfigurationList section */
	};
	rootObject = 2B58300223F79A1400C375AD /* Project object */;
}
